
Microsoft Visual Studio Solution File, Format Version 12.00
# Visual Studio Version 17
VisualStudioVersion = 17.5.002.0
MinimumVisualStudioVersion = 10.0.40219.1
Project("{9A19103F-16F7-4668-BE54-9A1E7A4F7556}") = "ApiSQLITE1", "ApiSQLITE1.csproj", "{40A7026C-5113-4C19-8AFA-DD1DD179CB8B}"
EndProject
Global
	GlobalSection(SolutionConfigurationPlatforms) = preSolution
		Debug|Any CPU = Debug|Any CPU
		Release|Any CPU = Release|Any CPU
	EndGlobalSection
	GlobalSection(ProjectConfigurationPlatforms) = postSolution
		{40A7026C-5113-4C19-8AFA-DD1DD179CB8B}.Debug|Any CPU.ActiveCfg = Debug|Any CPU
		{40A7026C-5113-4C19-8AFA-DD1DD179CB8B}.Debug|Any CPU.Build.0 = Debug|Any CPU
		{40A7026C-5113-4C19-8AFA-DD1DD179CB8B}.Release|Any CPU.ActiveCfg = Release|Any CPU
		{40A7026C-5113-4C19-8AFA-DD1DD179CB8B}.Release|Any CPU.Build.0 = Release|Any CPU
	EndGlobalSection
	GlobalSection(SolutionProperties) = preSolution
		HideSolutionNode = FALSE
	EndGlobalSection
	GlobalSection(ExtensibilityGlobals) = postSolution
		SolutionGuid = {38E99EE0-6A8C-4717-98F4-3EC0010C61D7}
	EndGlobalSection
EndGlobal
